# This file is automatically @generated by Poetry 1.4.2 and should not be changed by hand.

[[package]]
name = "cython"
version = "0.29.35"
description = "The Cython compiler for writing C extensions for the Python language."
category = "main"
optional = false
python-versions = ">=2.6, !=3.0.*, !=3.1.*, !=3.2.*"
files = [
    {file = "Cython-0.29.35-cp27-cp27m-manylinux_2_5_i686.manylinux1_i686.whl", hash = "sha256:fb8c11cd3e2d5ab7c2da78c5698e527ecbe469437326811562a3fbf4c5780ae4"},
    {file = "Cython-0.29.35-cp27-cp27m-manylinux_2_5_x86_64.manylinux1_x86_64.whl", hash = "sha256:9e54b4bee55fec952333126147b89c195ebe1d60e8e492ec778916ca5ca03151"},
    {file = "Cython-0.29.35-cp27-cp27mu-manylinux_2_5_i686.manylinux1_i686.whl", hash = "sha256:ba534e07543b44fb5ae37e56e61072ed1021b2d6ed643dbb92afa8239a04aa83"},
    {file = "Cython-0.29.35-cp27-cp27mu-manylinux_2_5_x86_64.manylinux1_x86_64.whl", hash = "sha256:c1d7a9ff809fa9b4a9fe04df86c9f7f574ca31c2ad896462a97ea89523db286a"},
    {file = "Cython-0.29.35-cp310-cp310-manylinux_2_17_aarch64.manylinux2014_aarch64.manylinux_2_24_aarch64.whl", hash = "sha256:247d585d8e49f002e522f3420751a4b3da0cf8532ef64d382e0bc9b4c840642c"},
    {file = "Cython-0.29.35-cp310-cp310-manylinux_2_17_x86_64.manylinux2014_x86_64.manylinux_2_24_x86_64.whl", hash = "sha256:ef2fc6f81aa8fb512535b01199fbe0d0ecafb8a29f261055e4b3f103c7bd6c75"},
    {file = "Cython-0.29.35-cp310-cp310-manylinux_2_5_i686.manylinux1_i686.manylinux_2_24_i686.whl", hash = "sha256:be7e1f98a359408186025f84d28d243e4527acb976f06b8ae8441dc5db204280"},
    {file = "Cython-0.29.35-cp310-cp310-musllinux_1_1_x86_64.whl", hash = "sha256:2e1e5d62f15ea4fa4a8bc76e4fcc2ea313a8afe70488b7b870716bcfb12b8246"},
    {file = "Cython-0.29.35-cp311-cp311-manylinux_2_17_aarch64.manylinux2014_aarch64.manylinux_2_24_aarch64.whl", hash = "sha256:75541567a2de1f893d247a7f9aa300dff5662fb33822a5fb75bc9621369b8ef0"},
    {file = "Cython-0.29.35-cp311-cp311-manylinux_2_17_x86_64.manylinux2014_x86_64.manylinux_2_24_x86_64.whl", hash = "sha256:99477c1d4a105a562c05d43cc01905b6711f0a6a558d90f20c7aee0fb23d59d5"},
    {file = "Cython-0.29.35-cp311-cp311-manylinux_2_5_i686.manylinux1_i686.manylinux_2_24_i686.whl", hash = "sha256:c44bb47b314abc743705c7d038d351ffc3a34b95ab59b04b8cb27cf781b44ae8"},
    {file = "Cython-0.29.35-cp311-cp311-musllinux_1_1_x86_64.whl", hash = "sha256:94859c3fd90767995b33d803edecad21e73749823db468d34f21e80451a11a99"},
    {file = "Cython-0.29.35-cp312-cp312-musllinux_1_1_x86_64.whl", hash = "sha256:5a47974f3ebccf25702ffdd569904f7807ea1ef0830987c133877fabefdc4bab"},
    {file = "Cython-0.29.35-cp35-cp35m-manylinux_2_5_i686.manylinux1_i686.whl", hash = "sha256:520c50d1875627c111900d7184fd658e32967a3ef807dc2fbc252e384839cbcf"},
    {file = "Cython-0.29.35-cp35-cp35m-manylinux_2_5_x86_64.manylinux1_x86_64.whl", hash = "sha256:516abc754f15b84d6a8e71c8abd90e10346ea86001563480f0be1b349d09c6b8"},
    {file = "Cython-0.29.35-cp36-cp36m-manylinux_2_17_aarch64.manylinux2014_aarch64.manylinux_2_24_aarch64.whl", hash = "sha256:c38e2c1e94b596132454b29757536d5afa810011d8bcb86918cc6693d2302940"},
    {file = "Cython-0.29.35-cp36-cp36m-manylinux_2_17_x86_64.manylinux2014_x86_64.manylinux_2_24_x86_64.whl", hash = "sha256:511f3adfb2db4db2eb882f892525db18a3a21803830474d2fa8b7a1a0f406985"},
    {file = "Cython-0.29.35-cp36-cp36m-manylinux_2_5_i686.manylinux1_i686.manylinux_2_24_i686.whl", hash = "sha256:445e092708c26b357c97b3c68ea3eab31846fc9c1360bb150225f340c20322ec"},
    {file = "Cython-0.29.35-cp36-cp36m-manylinux_2_5_i686.manylinux1_i686.whl", hash = "sha256:3da42ef5b71674e4864b6afbe1bcacba75807684e22b6337f753cf297ae4e2d2"},
    {file = "Cython-0.29.35-cp36-cp36m-manylinux_2_5_x86_64.manylinux1_x86_64.whl", hash = "sha256:db695a19968a54b9ac53048c723234b4f0db7409def0a5c5517237202e7a9b92"},
    {file = "Cython-0.29.35-cp36-cp36m-musllinux_1_1_x86_64.whl", hash = "sha256:156ae92bedcd8261b5259724e2dc4d8eb12ac29159359e34c8358b65d24430ac"},
    {file = "Cython-0.29.35-cp37-cp37m-manylinux_2_17_aarch64.manylinux2014_aarch64.manylinux_2_24_aarch64.whl", hash = "sha256:ea1c166336188630cd3e48aea4bbe06ea1bab444624e31c78973fffcae1cf708"},
    {file = "Cython-0.29.35-cp37-cp37m-manylinux_2_17_x86_64.manylinux2014_x86_64.manylinux_2_24_x86_64.whl", hash = "sha256:e7b1901b03c37a082ba405e2cf73a57091e835c7af35f664f9dd1d855a992ad5"},
    {file = "Cython-0.29.35-cp37-cp37m-manylinux_2_5_i686.manylinux1_i686.manylinux_2_24_i686.whl", hash = "sha256:27f58d0dd53a8ffb614814c725d3ee3f136e53178611f7f769ff358f69e50502"},
    {file = "Cython-0.29.35-cp37-cp37m-manylinux_2_5_i686.manylinux1_i686.whl", hash = "sha256:6c19e2ba027d2e9e2d88a08aa6007344be781ed99bc0924deb237ec52ca14c09"},
    {file = "Cython-0.29.35-cp37-cp37m-manylinux_2_5_x86_64.manylinux1_x86_64.whl", hash = "sha256:b63ea04db03190dc8b25d167598989be5c1fe9fc3121d7802c0aafc8a4ec383f"},
    {file = "Cython-0.29.35-cp37-cp37m-musllinux_1_1_x86_64.whl", hash = "sha256:5cdd65f7d85e15f1662c75d85d837c20d5c68acdd1029bfd08fb44c4422d7d9b"},
    {file = "Cython-0.29.35-cp38-cp38-manylinux_2_17_aarch64.manylinux2014_aarch64.manylinux_2_24_aarch64.whl", hash = "sha256:c17c876db737e1183d18d23db9cc31a9f565c113a32523c672af72f6497e382f"},
    {file = "Cython-0.29.35-cp38-cp38-manylinux_2_17_x86_64.manylinux2014_x86_64.manylinux_2_24_x86_64.whl", hash = "sha256:2a2f2fb9b1c0a4a3890713127fba55a38d2cf1619b2570c43c92a93fee80111a"},
    {file = "Cython-0.29.35-cp38-cp38-manylinux_2_5_i686.manylinux1_i686.manylinux_2_24_i686.whl", hash = "sha256:a1ad51612ff6cfe05cd58f584f01373d64906bb0c860a067c6441359ff10464f"},
    {file = "Cython-0.29.35-cp38-cp38-manylinux_2_5_i686.manylinux1_i686.whl", hash = "sha256:3cd717eee52072be8244bb07f0e4126f893214d2dfd1ba8b38b533e1ffec4f8a"},
    {file = "Cython-0.29.35-cp38-cp38-manylinux_2_5_x86_64.manylinux1_x86_64.whl", hash = "sha256:acab11c834cbe8fb7b71f9f7b4c4655afd82ffadb1be93d5354a67702fcee69d"},
    {file = "Cython-0.29.35-cp38-cp38-musllinux_1_1_x86_64.whl", hash = "sha256:8841158f274896702afe732571d37be22868a301275f952f6280547b25280538"},
    {file = "Cython-0.29.35-cp39-cp39-manylinux_2_17_aarch64.manylinux2014_aarch64.manylinux_2_24_aarch64.whl", hash = "sha256:0a9334d137bd42fca34b6b413063e19c194ba760846f34804ea1fb477cbe9a88"},
    {file = "Cython-0.29.35-cp39-cp39-manylinux_2_17_x86_64.manylinux2014_x86_64.manylinux_2_24_x86_64.whl", hash = "sha256:c4cd7de707938b8385cd1f88e1446228fbfe09af7822fa13877a4374c4881198"},
    {file = "Cython-0.29.35-cp39-cp39-manylinux_2_5_i686.manylinux1_i686.manylinux_2_24_i686.whl", hash = "sha256:05b7ede0b0eb1c6b9bd748fa67c5ebf3c3560d04d7c8a1486183ddd099de5a00"},
    {file = "Cython-0.29.35-cp39-cp39-manylinux_2_5_i686.manylinux1_i686.whl", hash = "sha256:537bc1e0ed9bf7289c80f39a9a9359f5649068647631996313f77ba57afde40b"},
    {file = "Cython-0.29.35-cp39-cp39-manylinux_2_5_x86_64.manylinux1_x86_64.whl", hash = "sha256:402307ad6fd209816cf539680035ef79cce171288cb98f81f3f11ea8ef3afd99"},
    {file = "Cython-0.29.35-cp39-cp39-musllinux_1_1_x86_64.whl", hash = "sha256:563a02ea675ed6321d6257df067c89f17b89a63487ef8b9ce0d598e88e7ff0bd"},
    {file = "Cython-0.29.35-py2.py3-none-any.whl", hash = "sha256:417703dc67c447089258ab4b3d217f9c03894574e4a0d6c50648a208bc8352bb"},
    {file = "Cython-0.29.35.tar.gz", hash = "sha256:6e381fa0bf08b3c26ec2f616b19ae852c06f5750f4290118bf986b6f85c8c527"},
]

[[package]]
name = "giacpy"
version = "0.7.1"
description = "A Cython frontend to the c++ library giac. (Computer Algebra System)"
category = "main"
optional = false
python-versions = "*"
files = [
    {file = "giacpy-0.7.1-cp310-cp310-win_amd64.whl", hash = "sha256:7f23a0b0741fb65cca28dec2b84cc7da9cea20c505d7ddf4abf53919c92a6d6f"},
    {file = "giacpy-0.7.1-cp311-cp311-win_amd64.whl", hash = "sha256:ab6addcd2371f5e15ecc370f87291bef2a9bbb75e58f461fb25d93800b91b089"},
    {file = "giacpy-0.7.1-cp37-cp37m-win_amd64.whl", hash = "sha256:c7c1ac91a92888b1c1556a15ba91408c7b6b8c32fecf4d0367f1529eb17a4e2e"},
    {file = "giacpy-0.7.1-cp38-cp38-win_amd64.whl", hash = "sha256:a4e1b98891d473421859330577324445dab9356a76449cd196f73695a7afd1c8"},
    {file = "giacpy-0.7.1-cp39-cp39-win_amd64.whl", hash = "sha256:0268cace08a5a041e6c1f870d82ea908e8a7d13e5d97ba3eec33090aac6efdbc"},
    {file = "giacpy-0.7.1.tar.gz", hash = "sha256:7474d06c1f1fd9451600fe9016e452f74da05d277f4f5383bfa12e4e6e76d00d"},
]

[[package]]
name = "wheel"
version = "0.40.0"
description = "A built-package format for Python"
category = "main"
optional = false
python-versions = ">=3.7"
files = [
    {file = "wheel-0.40.0-py3-none-any.whl", hash = "sha256:d236b20e7cb522daf2390fa84c55eea81c5c30190f90f29ae2ca1ad8355bf247"},
    {file = "wheel-0.40.0.tar.gz", hash = "sha256:cd1196f3faee2b31968d626e1731c94f99cbdb67cf5a46e4f5656cbee7738873"},
]

[package.extras]
test = ["pytest (>=6.0.0)"]

[metadata]
lock-version = "2.0"
python-versions = "^3.7"
content-hash = "d7a354d7390ac1cd0d837b0d241f37b4f75b5dfe157ff2deae9bc8fdd4b05433"
