# This file is automatically @generated by Poetry 1.4.2 and should not be changed by hand.

[[package]]
name = "cython"
version = "3.0.4"
description = "The Cython compiler for writing C extensions in the Python language."
category = "main"
optional = false
python-versions = ">=2.7, !=3.0.*, !=3.1.*, !=3.2.*, !=3.3.*"
files = [
    {file = "Cython-3.0.4-py2.py3-none-any.whl", hash = "sha256:e5e2859f97e9cceb8e70b0934c56157038b8b083245898593008162a70536d7e"},
    {file = "Cython-3.0.4.tar.gz", hash = "sha256:2e379b491ee985d31e5faaf050f79f4a8f59f482835906efe4477b33b4fbe9ff"},
]

[[package]]
name = "giacpy"
version = "0.7.3"
description = "A Cython frontend to the c++ library giac. (Computer Algebra System)"
category = "main"
optional = false
python-versions = "*"
files = []
develop = false

[package.source]
type = "git"
url = "https://gitlab.math.univ-paris-diderot.fr/han/giacpy"
reference = "HEAD"
resolved_reference = "f3662b1899c3b295dc826a90997303cb0837cd99"

[[package]]
name = "wheel"
version = "0.41.2"
description = "A built-package format for Python"
category = "main"
optional = false
python-versions = ">=3.7"
files = [
    {file = "wheel-0.41.2-py3-none-any.whl", hash = "sha256:75909db2664838d015e3d9139004ee16711748a52c8f336b52882266540215d8"},
    {file = "wheel-0.41.2.tar.gz", hash = "sha256:0c5ac5ff2afb79ac23ab82bab027a0be7b5dbcf2e54dc50efe4bf507de1f7985"},
]

[package.extras]
test = ["pytest (>=6.0.0)", "setuptools (>=65)"]

[metadata]
lock-version = "2.0"
python-versions = "^3.7"
content-hash = "5f8b95d6a8cc912c2fd92f938a6ba73d1a3b7edc93011fbed3153cafd49eb2b5"
